Microsoft Visual Studio Solution File, Format Version 11.00
# Visual Studio 2008

Project("{9F3188E4-4999-9223-22B4-1AB5228BF782}") = "Basal Nuclei", "Assembly-CSharp-firstpass.csproj", "{36A9E5FA-6860-4E30-C103-C7FE57B4045C}"
EndProject
Project("{9F3188E4-4999-9223-22B4-1AB5228BF782}") = "Basal Nuclei", "Assembly-CSharp.csproj", "{7DBCD227-7D20-84BE-F059-AE226219ECA2}"
EndProject
Project("{9F3188E4-4999-9223-22B4-1AB5228BF782}") = "Basal Nuclei", "Assembly-CSharp-Editor.csproj", "{0BB06C2A-C581-5A97-7391-8CA8402B538E}"
EndProject
Global
	GlobalSection(SolutionConfigurationPlatforms) = preSolution
		Debug|Any CPU = Debug|Any CPU
		Release|Any CPU = Release|Any CPU
	EndGlobalSection
	GlobalSection(ProjectConfigurationPlatforms) = postSolution
		{36A9E5FA-6860-4E30-C103-C7FE57B4045C}.Debug|Any CPU.ActiveCfg = Debug|Any CPU
		{36A9E5FA-6860-4E30-C103-C7FE57B4045C}.Debug|Any CPU.Build.0 = Debug|Any CPU
		{36A9E5FA-6860-4E30-C103-C7FE57B4045C}.Release|Any CPU.ActiveCfg = Release|Any CPU
		{36A9E5FA-6860-4E30-C103-C7FE57B4045C}.Release|Any CPU.Build.0 = Release|Any CPU
		{7DBCD227-7D20-84BE-F059-AE226219ECA2}.Debug|Any CPU.ActiveCfg = Debug|Any CPU
		{7DBCD227-7D20-84BE-F059-AE226219ECA2}.Debug|Any CPU.Build.0 = Debug|Any CPU
		{7DBCD227-7D20-84BE-F059-AE226219ECA2}.Release|Any CPU.ActiveCfg = Release|Any CPU
		{7DBCD227-7D20-84BE-F059-AE226219ECA2}.Release|Any CPU.Build.0 = Release|Any CPU
		{0BB06C2A-C581-5A97-7391-8CA8402B538E}.Debug|Any CPU.ActiveCfg = Debug|Any CPU
		{0BB06C2A-C581-5A97-7391-8CA8402B538E}.Debug|Any CPU.Build.0 = Debug|Any CPU
		{0BB06C2A-C581-5A97-7391-8CA8402B538E}.Release|Any CPU.ActiveCfg = Release|Any CPU
		{0BB06C2A-C581-5A97-7391-8CA8402B538E}.Release|Any CPU.Build.0 = Release|Any CPU
	EndGlobalSection
	GlobalSection(SolutionProperties) = preSolution
		HideSolutionNode = FALSE
	EndGlobalSection
	GlobalSection(MonoDevelopProperties) = preSolution
		StartupItem = Assembly-CSharp.csproj
	EndGlobalSection
EndGlobal
